// !$*UTF8*$!
{
	archiveVersion = 1;
	classes = {
	};
	objectVersion = 46;
	objects = {

/* Begin PBXBuildFile section */
		6E1E793F1BB6EF0100B96EB1 /* EndCameraSettingCell.swift in Sources */ = {isa = PBXBuildFile; fileRef = 6E1E793E1BB6EF0100B96EB1 /* EndCameraSettingCell.swift */; settings = {ASSET_TAGS = (); }; };
		6E524C151BB82C920097A3C2 /* logo-320.png in Resources */ = {isa = PBXBuildFile; fileRef = 6E524C141BB82C920097A3C2 /* logo-320.png */; settings = {ASSET_TAGS = (); }; };
		6E524C171BB836E20097A3C2 /* setting@2x.png in Resources */ = {isa = PBXBuildFile; fileRef = 6E524C161BB836E20097A3C2 /* setting@2x.png */; settings = {ASSET_TAGS = (); }; };
		6EA9F3901BAE56C50018766B /* SettingViewController.swift in Sources */ = {isa = PBXBuildFile; fileRef = 6EA9F38E1BAE56C50018766B /* SettingViewController.swift */; settings = {ASSET_TAGS = (); }; };
		6EA9F3911BAE56C50018766B /* SettingViewController.xib in Resources */ = {isa = PBXBuildFile; fileRef = 6EA9F38F1BAE56C50018766B /* SettingViewController.xib */; settings = {ASSET_TAGS = (); }; };
		6EA9F3931BAEC0B10018766B /* DataManager.swift in Sources */ = {isa = PBXBuildFile; fileRef = 6EA9F3921BAEC0B10018766B /* DataManager.swift */; settings = {ASSET_TAGS = (); }; };
		6EA9F3951BAEC53B0018766B /* CameraModel.swift in Sources */ = {isa = PBXBuildFile; fileRef = 6EA9F3941BAEC53B0018766B /* CameraModel.swift */; settings = {ASSET_TAGS = (); }; };
		6EA9F3971BAEC54C0018766B /* SettingModel.swift in Sources */ = {isa = PBXBuildFile; fileRef = 6EA9F3961BAEC54C0018766B /* SettingModel.swift */; settings = {ASSET_TAGS = (); }; };
		6EA9F3991BAEC5A80018766B /* CoreData.framework in Frameworks */ = {isa = PBXBuildFile; fileRef = 6EA9F3981BAEC5A80018766B /* CoreData.framework */; };
		6EA9F39B1BAEF2C20018766B /* ModeSettingCell.swift in Sources */ = {isa = PBXBuildFile; fileRef = 6EA9F39A1BAEF2C20018766B /* ModeSettingCell.swift */; settings = {ASSET_TAGS = (); }; };
		6EA9F39D1BAEF2DC0018766B /* ResolutionSettingCell.swift in Sources */ = {isa = PBXBuildFile; fileRef = 6EA9F39C1BAEF2DC0018766B /* ResolutionSettingCell.swift */; settings = {ASSET_TAGS = (); }; };
		6EA9F39F1BAEF2F00018766B /* CameraSettingCell.swift in Sources */ = {isa = PBXBuildFile; fileRef = 6EA9F39E1BAEF2F00018766B /* CameraSettingCell.swift */; settings = {ASSET_TAGS = (); }; };
		6ECF6A2B1BAB0A900075317A /* AppDelegate.swift in Sources */ = {isa = PBXBuildFile; fileRef = 6ECF6A2A1BAB0A900075317A /* AppDelegate.swift */; };
		6ECF6A2D1BAB0A900075317A /* ViewController.swift in Sources */ = {isa = PBXBuildFile; fileRef = 6ECF6A2C1BAB0A900075317A /* ViewController.swift */; };
		6ECF6A301BAB0A900075317A /* Main.storyboard in Resources */ = {isa = PBXBuildFile; fileRef = 6ECF6A2E1BAB0A900075317A /* Main.storyboard */; };
		6ECF6A331BAB0A900075317A /* GIFMaker.xcdatamodeld in Sources */ = {isa = PBXBuildFile; fileRef = 6ECF6A311BAB0A900075317A /* GIFMaker.xcdatamodeld */; };
		6ECF6A351BAB0A900075317A /* Assets.xcassets in Resources */ = {isa = PBXBuildFile; fileRef = 6ECF6A341BAB0A900075317A /* Assets.xcassets */; };
		6ECF6A381BAB0A900075317A /* LaunchScreen.storyboard in Resources */ = {isa = PBXBuildFile; fileRef = 6ECF6A361BAB0A900075317A /* LaunchScreen.storyboard */; };
		6ECF6A431BAB0A900075317A /* GIFMakerTests.swift in Sources */ = {isa = PBXBuildFile; fileRef = 6ECF6A421BAB0A900075317A /* GIFMakerTests.swift */; };
		6ECF6A4E1BAB0A900075317A /* GIFMakerUITests.swift in Sources */ = {isa = PBXBuildFile; fileRef = 6ECF6A4D1BAB0A900075317A /* GIFMakerUITests.swift */; };
		6ECF6A5C1BAB16BA0075317A /* AVFoundation.framework in Frameworks */ = {isa = PBXBuildFile; fileRef = 6ECF6A5B1BAB16BA0075317A /* AVFoundation.framework */; };
		6EDC21D31BB2EEA80046A369 /* SettingCells.xib in Resources */ = {isa = PBXBuildFile; fileRef = 6EDC21D21BB2EEA80046A369 /* SettingCells.xib */; settings = {ASSET_TAGS = (); }; };
		6EDC21D51BB2F07F0046A369 /* VideoManager.swift in Sources */ = {isa = PBXBuildFile; fileRef = 6EDC21D41BB2F07F0046A369 /* VideoManager.swift */; settings = {ASSET_TAGS = (); }; };
/* End PBXBuildFile section */

/* Begin PBXContainerItemProxy section */
		6ECF6A3F1BAB0A900075317A /* PBXContainerItemProxy */ = {
			isa = PBXContainerItemProxy;
			containerPortal = 6ECF6A1F1BAB0A900075317A /* Project object */;
			proxyType = 1;
			remoteGlobalIDString = 6ECF6A261BAB0A900075317A;
			remoteInfo = GIFMaker;
		};
		6ECF6A4A1BAB0A900075317A /* PBXContainerItemProxy */ = {
			isa = PBXContainerItemProxy;
			containerPortal = 6ECF6A1F1BAB0A900075317A /* Project object */;
			proxyType = 1;
			remoteGlobalIDString = 6ECF6A261BAB0A900075317A;
			remoteInfo = GIFMaker;
		};
/* End PBXContainerItemProxy section */

/* Begin PBXFileReference section */
		6E1E793E1BB6EF0100B96EB1 /* EndCameraSettingCell.swift */ = {isa = PBXFileReference; fileEncoding = 4; lastKnownFileType = sourcecode.swift; path = EndCameraSettingCell.swift; sourceTree = "<group>"; };
		6E524C141BB82C920097A3C2 /* logo-320.png */ = {isa = PBXFileReference; lastKnownFileType = image.png; path = "logo-320.png"; sourceTree = "<group>"; };
		6E524C161BB836E20097A3C2 /* setting@2x.png */ = {isa = PBXFileReference; lastKnownFileType = image.png; path = "setting@2x.png"; sourceTree = "<group>"; };
		6EA9F38E1BAE56C50018766B /* SettingViewController.swift */ = {isa = PBXFileReference; fileEncoding = 4; lastKnownFileType = sourcecode.swift; path = SettingViewController.swift; sourceTree = "<group>"; };
		6EA9F38F1BAE56C50018766B /* SettingViewController.xib */ = {isa = PBXFileReference; fileEncoding = 4; lastKnownFileType = file.xib; path = SettingViewController.xib; sourceTree = "<group>"; };
		6EA9F3921BAEC0B10018766B /* DataManager.swift */ = {isa = PBXFileReference; fileEncoding = 4; lastKnownFileType = sourcecode.swift; path = DataManager.swift; sourceTree = "<group>"; };
		6EA9F3941BAEC53B0018766B /* CameraModel.swift */ = {isa = PBXFileReference; fileEncoding = 4; lastKnownFileType = sourcecode.swift; path = CameraModel.swift; sourceTree = "<group>"; };
		6EA9F3961BAEC54C0018766B /* SettingModel.swift */ = {isa = PBXFileReference; fileEncoding = 4; lastKnownFileType = sourcecode.swift; path = SettingModel.swift; sourceTree = "<group>"; };
		6EA9F3981BAEC5A80018766B /* CoreData.framework */ = {isa = PBXFileReference; lastKnownFileType = wrapper.framework; name = CoreData.framework; path = System/Library/Frameworks/CoreData.framework; sourceTree = SDKROOT; };
		6EA9F39A1BAEF2C20018766B /* ModeSettingCell.swift */ = {isa = PBXFileReference; fileEncoding = 4; lastKnownFileType = sourcecode.swift; path = ModeSettingCell.swift; sourceTree = "<group>"; };
		6EA9F39C1BAEF2DC0018766B /* ResolutionSettingCell.swift */ = {isa = PBXFileReference; fileEncoding = 4; lastKnownFileType = sourcecode.swift; path = ResolutionSettingCell.swift; sourceTree = "<group>"; };
		6EA9F39E1BAEF2F00018766B /* CameraSettingCell.swift */ = {isa = PBXFileReference; fileEncoding = 4; lastKnownFileType = sourcecode.swift; path = CameraSettingCell.swift; sourceTree = "<group>"; };
		6ECF6A271BAB0A900075317A /* GIFMaker.app */ = {isa = PBXFileReference; explicitFileType = wrapper.application; includeInIndex = 0; path = GIFMaker.app; sourceTree = BUILT_PRODUCTS_DIR; };
		6ECF6A2A1BAB0A900075317A /* AppDelegate.swift */ = {isa = PBXFileReference; lastKnownFileType = sourcecode.swift; path = AppDelegate.swift; sourceTree = "<group>"; };
		6ECF6A2C1BAB0A900075317A /* ViewController.swift */ = {isa = PBXFileReference; lastKnownFileType = sourcecode.swift; path = ViewController.swift; sourceTree = "<group>"; };
		6ECF6A2F1BAB0A900075317A /* Base */ = {isa = PBXFileReference; lastKnownFileType = file.storyboard; name = Base; path = Base.lproj/Main.storyboard; sourceTree = "<group>"; };
		6ECF6A321BAB0A900075317A /* GIFMaker.xcdatamodel */ = {isa = PBXFileReference; lastKnownFileType = wrapper.xcdatamodel; path = GIFMaker.xcdatamodel; sourceTree = "<group>"; };
		6ECF6A341BAB0A900075317A /* Assets.xcassets */ = {isa = PBXFileReference; lastKnownFileType = folder.assetcatalog; path = Assets.xcassets; sourceTree = "<group>"; };
		6ECF6A371BAB0A900075317A /* Base */ = {isa = PBXFileReference; lastKnownFileType = file.storyboard; name = Base; path = Base.lproj/LaunchScreen.storyboard; sourceTree = "<group>"; };
		6ECF6A391BAB0A900075317A /* Info.plist */ = {isa = PBXFileReference; lastKnownFileType = text.plist.xml; path = Info.plist; sourceTree = "<group>"; };
		6ECF6A3E1BAB0A900075317A /* GIFMakerTests.xctest */ = {isa = PBXFileReference; explicitFileType = wrapper.cfbundle; includeInIndex = 0; path = GIFMakerTests.xctest; sourceTree = BUILT_PRODUCTS_DIR; };
		6ECF6A421BAB0A900075317A /* GIFMakerTests.swift */ = {isa = PBXFileReference; lastKnownFileType = sourcecode.swift; path = GIFMakerTests.swift; sourceTree = "<group>"; };
		6ECF6A441BAB0A900075317A /* Info.plist */ = {isa = PBXFileReference; lastKnownFileType = text.plist.xml; path = Info.plist; sourceTree = "<group>"; };
		6ECF6A491BAB0A900075317A /* GIFMakerUITests.xctest */ = {isa = PBXFileReference; explicitFileType = wrapper.cfbundle; includeInIndex = 0; path = GIFMakerUITests.xctest; sourceTree = BUILT_PRODUCTS_DIR; };
		6ECF6A4D1BAB0A900075317A /* GIFMakerUITests.swift */ = {isa = PBXFileReference; lastKnownFileType = sourcecode.swift; path = GIFMakerUITests.swift; sourceTree = "<group>"; };
		6ECF6A4F1BAB0A900075317A /* Info.plist */ = {isa = PBXFileReference; lastKnownFileType = text.plist.xml; path = Info.plist; sourceTree = "<group>"; };
		6ECF6A5B1BAB16BA0075317A /* AVFoundation.framework */ = {isa = PBXFileReference; lastKnownFileType = wrapper.framework; name = AVFoundation.framework; path = System/Library/Frameworks/AVFoundation.framework; sourceTree = SDKROOT; };
		6EDC21D21BB2EEA80046A369 /* SettingCells.xib */ = {isa = PBXFileReference; fileEncoding = 4; lastKnownFileType = file.xib; path = SettingCells.xib; sourceTree = "<group>"; };
		6EDC21D41BB2F07F0046A369 /* VideoManager.swift */ = {isa = PBXFileReference; fileEncoding = 4; lastKnownFileType = sourcecode.swift; path = VideoManager.swift; sourceTree = "<group>"; };
/* End PBXFileReference section */

/* Begin PBXFrameworksBuildPhase section */
		6ECF6A241BAB0A900075317A /* Frameworks */ = {
			isa = PBXFrameworksBuildPhase;
			buildActionMask = 2147483647;
			files = (
				6EA9F3991BAEC5A80018766B /* CoreData.framework in Frameworks */,
				6ECF6A5C1BAB16BA0075317A /* AVFoundation.framework in Frameworks */,
			);
			runOnlyForDeploymentPostprocessing = 0;
		};
		6ECF6A3B1BAB0A900075317A /* Frameworks */ = {
			isa = PBXFrameworksBuildPhase;
			buildActionMask = 2147483647;
			files = (
			);
			runOnlyForDeploymentPostprocessing = 0;
		};
		6ECF6A461BAB0A900075317A /* Frameworks */ = {
			isa = PBXFrameworksBuildPhase;
			buildActionMask = 2147483647;
			files = (
			);
			runOnlyForDeploymentPostprocessing = 0;
		};
/* End PBXFrameworksBuildPhase section */

/* Begin PBXGroup section */
		6E524C131BB82C920097A3C2 /* Resources */ = {
			isa = PBXGroup;
			children = (
				6E524C161BB836E20097A3C2 /* setting@2x.png */,
				6E524C141BB82C920097A3C2 /* logo-320.png */,
			);
			path = Resources;
			sourceTree = "<group>";
		};
		6ECF6A1E1BAB0A900075317A = {
			isa = PBXGroup;
			children = (
				6EA9F3981BAEC5A80018766B /* CoreData.framework */,
				6ECF6A5B1BAB16BA0075317A /* AVFoundation.framework */,
				6ECF6A291BAB0A900075317A /* GIFMaker */,
				6ECF6A411BAB0A900075317A /* GIFMakerTests */,
				6ECF6A4C1BAB0A900075317A /* GIFMakerUITests */,
				6ECF6A281BAB0A900075317A /* Products */,
			);
			sourceTree = "<group>";
		};
		6ECF6A281BAB0A900075317A /* Products */ = {
			isa = PBXGroup;
			children = (
				6ECF6A271BAB0A900075317A /* GIFMaker.app */,
				6ECF6A3E1BAB0A900075317A /* GIFMakerTests.xctest */,
				6ECF6A491BAB0A900075317A /* GIFMakerUITests.xctest */,
			);
			name = Products;
			sourceTree = "<group>";
		};
		6ECF6A291BAB0A900075317A /* GIFMaker */ = {
			isa = PBXGroup;
			children = (
				6E524C131BB82C920097A3C2 /* Resources */,
				6ECF6A2A1BAB0A900075317A /* AppDelegate.swift */,
				6ECF6A2C1BAB0A900075317A /* ViewController.swift */,
				6EDC21D41BB2F07F0046A369 /* VideoManager.swift */,
				6EA9F38E1BAE56C50018766B /* SettingViewController.swift */,
				6EA9F38F1BAE56C50018766B /* SettingViewController.xib */,
				6EDC21D21BB2EEA80046A369 /* SettingCells.xib */,
				6EA9F39A1BAEF2C20018766B /* ModeSettingCell.swift */,
				6EA9F39C1BAEF2DC0018766B /* ResolutionSettingCell.swift */,
				6EA9F39E1BAEF2F00018766B /* CameraSettingCell.swift */,
				6E1E793E1BB6EF0100B96EB1 /* EndCameraSettingCell.swift */,
				6EA9F3921BAEC0B10018766B /* DataManager.swift */,
				6EA9F3941BAEC53B0018766B /* CameraModel.swift */,
				6EA9F3961BAEC54C0018766B /* SettingModel.swift */,
				6ECF6A2E1BAB0A900075317A /* Main.storyboard */,
				6ECF6A341BAB0A900075317A /* Assets.xcassets */,
				6ECF6A361BAB0A900075317A /* LaunchScreen.storyboard */,
				6ECF6A391BAB0A900075317A /* Info.plist */,
				6ECF6A311BAB0A900075317A /* GIFMaker.xcdatamodeld */,
			);
			path = GIFMaker;
			sourceTree = "<group>";
		};
		6ECF6A411BAB0A900075317A /* GIFMakerTests */ = {
			isa = PBXGroup;
			children = (
				6ECF6A421BAB0A900075317A /* GIFMakerTests.swift */,
				6ECF6A441BAB0A900075317A /* Info.plist */,
			);
			path = GIFMakerTests;
			sourceTree = "<group>";
		};
		6ECF6A4C1BAB0A900075317A /* GIFMakerUITests */ = {
			isa = PBXGroup;
			children = (
				6ECF6A4D1BAB0A900075317A /* GIFMakerUITests.swift */,
				6ECF6A4F1BAB0A900075317A /* Info.plist */,
			);
			path = GIFMakerUITests;
			sourceTree = "<group>";
		};
/* End PBXGroup section */

/* Begin PBXNativeTarget section */
		6ECF6A261BAB0A900075317A /* GIFMaker */ = {
			isa = PBXNativeTarget;
			buildConfigurationList = 6ECF6A521BAB0A900075317A /* Build configuration list for PBXNativeTarget "GIFMaker" */;
			buildPhases = (
				6ECF6A231BAB0A900075317A /* Sources */,
				6ECF6A241BAB0A900075317A /* Frameworks */,
				6ECF6A251BAB0A900075317A /* Resources */,
			);
			buildRules = (
			);
			dependencies = (
			);
			name = GIFMaker;
			productName = GIFMaker;
			productReference = 6ECF6A271BAB0A900075317A /* GIFMaker.app */;
			productType = "com.apple.product-type.application";
		};
		6ECF6A3D1BAB0A900075317A /* GIFMakerTests */ = {
			isa = PBXNativeTarget;
			buildConfigurationList = 6ECF6A551BAB0A900075317A /* Build configuration list for PBXNativeTarget "GIFMakerTests" */;
			buildPhases = (
				6ECF6A3A1BAB0A900075317A /* Sources */,
				6ECF6A3B1BAB0A900075317A /* Frameworks */,
				6ECF6A3C1BAB0A900075317A /* Resources */,
			);
			buildRules = (
			);
			dependencies = (
				6ECF6A401BAB0A900075317A /* PBXTargetDependency */,
			);
			name = GIFMakerTests;
			productName = GIFMakerTests;
			productReference = 6ECF6A3E1BAB0A900075317A /* GIFMakerTests.xctest */;
			productType = "com.apple.product-type.bundle.unit-test";
		};
		6ECF6A481BAB0A900075317A /* GIFMakerUITests */ = {
			isa = PBXNativeTarget;
			buildConfigurationList = 6ECF6A581BAB0A900075317A /* Build configuration list for PBXNativeTarget "GIFMakerUITests" */;
			buildPhases = (
				6ECF6A451BAB0A900075317A /* Sources */,
				6ECF6A461BAB0A900075317A /* Frameworks */,
				6ECF6A471BAB0A900075317A /* Resources */,
			);
			buildRules = (
			);
			dependencies = (
				6ECF6A4B1BAB0A900075317A /* PBXTargetDependency */,
			);
			name = GIFMakerUITests;
			productName = GIFMakerUITests;
			productReference = 6ECF6A491BAB0A900075317A /* GIFMakerUITests.xctest */;
			productType = "com.apple.product-type.bundle.ui-testing";
		};
/* End PBXNativeTarget section */

/* Begin PBXProject section */
		6ECF6A1F1BAB0A900075317A /* Project object */ = {
			isa = PBXProject;
			attributes = {
				LastUpgradeCheck = 0700;
				ORGANIZATIONNAME = indream;
				TargetAttributes = {
					6ECF6A261BAB0A900075317A = {
						CreatedOnToolsVersion = 7.0;
						DevelopmentTeam = 9E9W9MAT8M;
					};
					6ECF6A3D1BAB0A900075317A = {
						CreatedOnToolsVersion = 7.0;
						TestTargetID = 6ECF6A261BAB0A900075317A;
					};
					6ECF6A481BAB0A900075317A = {
						CreatedOnToolsVersion = 7.0;
						TestTargetID = 6ECF6A261BAB0A900075317A;
					};
				};
			};
			buildConfigurationList = 6ECF6A221BAB0A900075317A /* Build configuration list for PBXProject "GIFMaker" */;
			compatibilityVersion = "Xcode 3.2";
			developmentRegion = English;
			hasScannedForEncodings = 0;
			knownRegions = (
				en,
				Base,
			);
			mainGroup = 6ECF6A1E1BAB0A900075317A;
			productRefGroup = 6ECF6A281BAB0A900075317A /* Products */;
			projectDirPath = "";
			projectRoot = "";
			targets = (
				6ECF6A261BAB0A900075317A /* GIFMaker */,
				6ECF6A3D1BAB0A900075317A /* GIFMakerTests */,
				6ECF6A481BAB0A900075317A /* GIFMakerUITests */,
			);
		};
/* End PBXProject section */

/* Begin PBXResourcesBuildPhase section */
		6ECF6A251BAB0A900075317A /* Resources */ = {
			isa = PBXResourcesBuildPhase;
			buildActionMask = 2147483647;
			files = (
				6E524C151BB82C920097A3C2 /* logo-320.png in Resources */,
				6ECF6A381BAB0A900075317A /* LaunchScreen.storyboard in Resources */,
				6E524C171BB836E20097A3C2 /* setting@2x.png in Resources */,
				6ECF6A351BAB0A900075317A /* Assets.xcassets in Resources */,
				6EDC21D31BB2EEA80046A369 /* SettingCells.xib in Resources */,
				6ECF6A301BAB0A900075317A /* Main.storyboard in Resources */,
				6EA9F3911BAE56C50018766B /* SettingViewController.xib in Resources */,
			);
			runOnlyForDeploymentPostprocessing = 0;
		};
		6ECF6A3C1BAB0A900075317A /* Resources */ = {
			isa = PBXResourcesBuildPhase;
			buildActionMask = 2147483647;
			files = (
			);
			runOnlyForDeploymentPostprocessing = 0;
		};
		6ECF6A471BAB0A900075317A /* Resources */ = {
			isa = PBXResourcesBuildPhase;
			buildActionMask = 2147483647;
			files = (
			);
			runOnlyForDeploymentPostprocessing = 0;
		};
/* End PBXResourcesBuildPhase section */

/* Begin PBXSourcesBuildPhase section */
		6ECF6A231BAB0A900075317A /* Sources */ = {
			isa = PBXSourcesBuildPhase;
			buildActionMask = 2147483647;
			files = (
				6ECF6A2D1BAB0A900075317A /* ViewController.swift in Sources */,
				6EA9F3931BAEC0B10018766B /* DataManager.swift in Sources */,
				6EA9F3951BAEC53B0018766B /* CameraModel.swift in Sources */,
				6E1E793F1BB6EF0100B96EB1 /* EndCameraSettingCell.swift in Sources */,
				6EA9F39D1BAEF2DC0018766B /* ResolutionSettingCell.swift in Sources */,
				6EA9F39B1BAEF2C20018766B /* ModeSettingCell.swift in Sources */,
				6ECF6A2B1BAB0A900075317A /* AppDelegate.swift in Sources */,
				6ECF6A331BAB0A900075317A /* GIFMaker.xcdatamodeld in Sources */,
				6EDC21D51BB2F07F0046A369 /* VideoManager.swift in Sources */,
				6EA9F39F1BAEF2F00018766B /* CameraSettingCell.swift in Sources */,
				6EA9F3971BAEC54C0018766B /* SettingModel.swift in Sources */,
				6EA9F3901BAE56C50018766B /* SettingViewController.swift in Sources */,
			);
			runOnlyForDeploymentPostprocessing = 0;
		};
		6ECF6A3A1BAB0A900075317A /* Sources */ = {
			isa = PBXSourcesBuildPhase;
			buildActionMask = 2147483647;
			files = (
				6ECF6A431BAB0A900075317A /* GIFMakerTests.swift in Sources */,
			);
			runOnlyForDeploymentPostprocessing = 0;
		};
		6ECF6A451BAB0A900075317A /* Sources */ = {
			isa = PBXSourcesBuildPhase;
			buildActionMask = 2147483647;
			files = (
				6ECF6A4E1BAB0A900075317A /* GIFMakerUITests.swift in Sources */,
			);
			runOnlyForDeploymentPostprocessing = 0;
		};
/* End PBXSourcesBuildPhase section */

/* Begin PBXTargetDependency section */
		6ECF6A401BAB0A900075317A /* PBXTargetDependency */ = {
			isa = PBXTargetDependency;
			target = 6ECF6A261BAB0A900075317A /* GIFMaker */;
			targetProxy = 6ECF6A3F1BAB0A900075317A /* PBXContainerItemProxy */;
		};
		6ECF6A4B1BAB0A900075317A /* PBXTargetDependency */ = {
			isa = PBXTargetDependency;
			target = 6ECF6A261BAB0A900075317A /* GIFMaker */;
			targetProxy = 6ECF6A4A1BAB0A900075317A /* PBXContainerItemProxy */;
		};
/* End PBXTargetDependency section */

/* Begin PBXVariantGroup section */
		6ECF6A2E1BAB0A900075317A /* Main.storyboard */ = {
			isa = PBXVariantGroup;
			children = (
				6ECF6A2F1BAB0A900075317A /* Base */,
			);
			name = Main.storyboard;
			sourceTree = "<group>";
		};
		6ECF6A361BAB0A900075317A /* LaunchScreen.storyboard */ = {
			isa = PBXVariantGroup;
			children = (
				6ECF6A371BAB0A900075317A /* Base */,
			);
			name = LaunchScreen.storyboard;
			sourceTree = "<group>";
		};
/* End PBXVariantGroup section */

/* Begin XCBuildConfiguration section */
		6ECF6A501BAB0A900075317A /* Debug */ = {
			isa = XCBuildConfiguration;
			buildSettings = {
				ALWAYS_SEARCH_USER_PATHS = NO;
				CLANG_CXX_LANGUAGE_STANDARD = "gnu++0x";
				CLANG_CXX_LIBRARY = "libc++";
				CLANG_ENABLE_MODULES = YES;
				CLANG_ENABLE_OBJC_ARC = YES;
				CLANG_WARN_BOOL_CONVERSION = YES;
				CLANG_WARN_CONSTANT_CONVERSION = YES;
				CLANG_WARN_DIRECT_OBJC_ISA_USAGE = YES_ERROR;
				CLANG_WARN_EMPTY_BODY = YES;
				CLANG_WARN_ENUM_CONVERSION = YES;
				CLANG_WARN_INT_CONVERSION = YES;
				CLANG_WARN_OBJC_ROOT_CLASS = YES_ERROR;
				CLANG_WARN_UNREACHABLE_CODE = YES;
				CLANG_WARN__DUPLICATE_METHOD_MATCH = YES;
				"CODE_SIGN_IDENTITY[sdk=iphoneos*]" = "iPhone Developer";
				COPY_PHASE_STRIP = NO;
				DEBUG_INFORMATION_FORMAT = dwarf;
				ENABLE_STRICT_OBJC_MSGSEND = YES;
				ENABLE_TESTABILITY = YES;
				GCC_C_LANGUAGE_STANDARD = gnu99;
				GCC_DYNAMIC_NO_PIC = NO;
				GCC_NO_COMMON_BLOCKS = YES;
				GCC_OPTIMIZATION_LEVEL = 0;
				GCC_PREPROCESSOR_DEFINITIONS = (
					"DEBUG=1",
					"$(inherited)",
				);
				GCC_WARN_64_TO_32_BIT_CONVERSION = YES;
				GCC_WARN_ABOUT_RETURN_TYPE = YES_ERROR;
				GCC_WARN_UNDECLARED_SELECTOR = YES;
				GCC_WARN_UNINITIALIZED_AUTOS = YES_AGGRESSIVE;
				GCC_WARN_UNUSED_FUNCTION = YES;
				GCC_WARN_UNUSED_VARIABLE = YES;
				IPHONEOS_DEPLOYMENT_TARGET = 8.0;
				MTL_ENABLE_DEBUG_INFO = YES;
				ONLY_ACTIVE_ARCH = YES;
				SDKROOT = iphoneos;
				SWIFT_OPTIMIZATION_LEVEL = "-Onone";
			};
			name = Debug;
		};
		6ECF6A511BAB0A900075317A /* Release */ = {
			isa = XCBuildConfiguration;
			buildSettings = {
				ALWAYS_SEARCH_USER_PATHS = NO;
				CLANG_CXX_LANGUAGE_STANDARD = "gnu++0x";
				CLANG_CXX_LIBRARY = "libc++";
				CLANG_ENABLE_MODULES = YES;
				CLANG_ENABLE_OBJC_ARC = YES;
				CLANG_WARN_BOOL_CONVERSION = YES;
				CLANG_WARN_CONSTANT_CONVERSION = YES;
				CLANG_WARN_DIRECT_OBJC_ISA_USAGE = YES_ERROR;
				CLANG_WARN_EMPTY_BODY = YES;
				CLANG_WARN_ENUM_CONVERSION = YES;
				CLANG_WARN_INT_CONVERSION = YES;
				CLANG_WARN_OBJC_ROOT_CLASS = YES_ERROR;
				CLANG_WARN_UNREACHABLE_CODE = YES;
				CLANG_WARN__DUPLICATE_METHOD_MATCH = YES;
				"CODE_SIGN_IDENTITY[sdk=iphoneos*]" = "iPhone Developer";
				COPY_PHASE_STRIP = NO;
				DEBUG_INFORMATION_FORMAT = "dwarf-with-dsym";
				ENABLE_NS_ASSERTIONS = NO;
				ENABLE_STRICT_OBJC_MSGSEND = YES;
				GCC_C_LANGUAGE_STANDARD = gnu99;
				GCC_NO_COMMON_BLOCKS = YES;
				GCC_WARN_64_TO_32_BIT_CONVERSION = YES;
				GCC_WARN_ABOUT_RETURN_TYPE = YES_ERROR;
				GCC_WARN_UNDECLARED_SELECTOR = YES;
				GCC_WARN_UNINITIALIZED_AUTOS = YES_AGGRESSIVE;
				GCC_WARN_UNUSED_FUNCTION = YES;
				GCC_WARN_UNUSED_VARIABLE = YES;
				IPHONEOS_DEPLOYMENT_TARGET = 8.0;
				MTL_ENABLE_DEBUG_INFO = NO;
				SDKROOT = iphoneos;
				VALIDATE_PRODUCT = YES;
			};
			name = Release;
		};
		6ECF6A531BAB0A900075317A /* Debug */ = {
			isa = XCBuildConfiguration;
			buildSettings = {
				ASSETCATALOG_COMPILER_APPICON_NAME = AppIcon;
				CODE_SIGN_IDENTITY = "iPhone Developer";
				"CODE_SIGN_IDENTITY[sdk=iphoneos*]" = "iPhone Developer";
				INFOPLIST_FILE = GIFMaker/Info.plist;
				IPHONEOS_DEPLOYMENT_TARGET = 8.1;
				LD_RUNPATH_SEARCH_PATHS = "$(inherited) @executable_path/Frameworks";
				PRODUCT_BUNDLE_IDENTIFIER = com.xeecos.GIFMaker;
				PRODUCT_NAME = "$(TARGET_NAME)";
				PROVISIONING_PROFILE = "6490a745-b29f-4dae-973d-b2ee9d53a6bf";
				TARGETED_DEVICE_FAMILY = 1;
			};
			name = Debug;
		};
		6ECF6A541BAB0A900075317A /* Release */ = {
			isa = XCBuildConfiguration;
			buildSettings = {
				ASSETCATALOG_COMPILER_APPICON_NAME = AppIcon;
				CODE_SIGN_IDENTITY = "iPhone Distribution: Jun Yin (9E9W9MAT8M)";
				"CODE_SIGN_IDENTITY[sdk=iphoneos*]" = "iPhone Distribution: Jun Yin (9E9W9MAT8M)";
				INFOPLIST_FILE = GIFMaker/Info.plist;
				IPHONEOS_DEPLOYMENT_TARGET = 8.1;
				LD_RUNPATH_SEARCH_PATHS = "$(inherited) @executable_path/Frameworks";
				PRODUCT_BUNDLE_IDENTIFIER = com.xeecos.GIFMaker;
				PRODUCT_NAME = "$(TARGET_NAME)";
				PROVISIONING_PROFILE = "6490a745-b29f-4dae-973d-b2ee9d53a6bf";
				TARGETED_DEVICE_FAMILY = 1;
			};
			name = Release;
		};
		6ECF6A561BAB0A900075317A /* Debug */ = {
			isa = XCBuildConfiguration;
			buildSettings = {
				BUNDLE_LOADER = "$(TEST_HOST)";
				INFOPLIST_FILE = GIFMakerTests/Info.plist;
				LD_RUNPATH_SEARCH_PATHS = "$(inherited) @executable_path/Frameworks @loader_path/Frameworks";
				PRODUCT_BUNDLE_IDENTIFIER = com.xeecos.GIFMakerTests;
				PRODUCT_NAME = "$(TARGET_NAME)";
				TEST_HOST = "$(BUILT_PRODUCTS_DIR)/GIFMaker.app/GIFMaker";
			};
			name = Debug;
		};
		6ECF6A571BAB0A900075317A /* Release */ = {
			isa = XCBuildConfiguration;
			buildSettings = {
				BUNDLE_LOADER = "$(TEST_HOST)";
				INFOPLIST_FILE = GIFMakerTests/Info.plist;
				LD_RUNPATH_SEARCH_PATHS = "$(inherited) @executable_path/Frameworks @loader_path/Frameworks";
				PRODUCT_BUNDLE_IDENTIFIER = com.xeecos.GIFMakerTests;
				PRODUCT_NAME = "$(TARGET_NAME)";
				TEST_HOST = "$(BUILT_PRODUCTS_DIR)/GIFMaker.app/GIFMaker";
			};
			name = Release;
		};
		6ECF6A591BAB0A900075317A /* Debug */ = {
			isa = XCBuildConfiguration;
			buildSettings = {
				INFOPLIST_FILE = GIFMakerUITests/Info.plist;
				LD_RUNPATH_SEARCH_PATHS = "$(inherited) @executable_path/Frameworks @loader_path/Frameworks";
				PRODUCT_BUNDLE_IDENTIFIER = com.xeecos.GIFMakerUITests;
				PRODUCT_NAME = "$(TARGET_NAME)";
				TEST_TARGET_NAME = GIFMaker;
				USES_XCTRUNNER = YES;
			};
			name = Debug;
		};
		6ECF6A5A1BAB0A900075317A /* Release */ = {
			isa = XCBuildConfiguration;
			buildSettings = {
				INFOPLIST_FILE = GIFMakerUITests/Info.plist;
				LD_RUNPATH_SEARCH_PATHS = "$(inherited) @executable_path/Frameworks @loader_path/Frameworks";
				PRODUCT_BUNDLE_IDENTIFIER = com.xeecos.GIFMakerUITests;
				PRODUCT_NAME = "$(TARGET_NAME)";
				TEST_TARGET_NAME = GIFMaker;
				USES_XCTRUNNER = YES;
			};
			name = Release;
		};
/* End XCBuildConfiguration section */

/* Begin XCConfigurationList section */
		6ECF6A221BAB0A900075317A /* Build configuration list for PBXProject "GIFMaker" */ = {
			isa = XCConfigurationList;
			buildConfigurations = (
				6ECF6A501BAB0A900075317A /* Debug */,
				6ECF6A511BAB0A900075317A /* Release */,
			);
			defaultConfigurationIsVisible = 0;
			defaultConfigurationName = Release;
		};
		6ECF6A521BAB0A900075317A /* Build configuration list for PBXNativeTarget "GIFMaker" */ = {
			isa = XCConfigurationList;
			buildConfigurations = (
				6ECF6A531BAB0A900075317A /* Debug */,
				6ECF6A541BAB0A900075317A /* Release */,
			);
			defaultConfigurationIsVisible = 0;
			defaultConfigurationName = Release;
		};
		6ECF6A551BAB0A900075317A /* Build configuration list for PBXNativeTarget "GIFMakerTests" */ = {
			isa = XCConfigurationList;
			buildConfigurations = (
				6ECF6A561BAB0A900075317A /* Debug */,
				6ECF6A571BAB0A900075317A /* Release */,
			);
			defaultConfigurationIsVisible = 0;
			defaultConfigurationName = Release;
		};
		6ECF6A581BAB0A900075317A /* Build configuration list for PBXNativeTarget "GIFMakerUITests" */ = {
			isa = XCConfigurationList;
			buildConfigurations = (
				6ECF6A591BAB0A900075317A /* Debug */,
				6ECF6A5A1BAB0A900075317A /* Release */,
			);
			defaultConfigurationIsVisible = 0;
			defaultConfigurationName = Release;
		};
/* End XCConfigurationList section */

/* Begin XCVersionGroup section */
		6ECF6A311BAB0A900075317A /* GIFMaker.xcdatamodeld */ = {
			isa = XCVersionGroup;
			children = (
				6ECF6A321BAB0A900075317A /* GIFMaker.xcdatamodel */,
			);
			currentVersion = 6ECF6A321BAB0A900075317A /* GIFMaker.xcdatamodel */;
			path = GIFMaker.xcdatamodeld;
			sourceTree = "<group>";
			versionGroupType = wrapper.xcdatamodel;
		};
/* End XCVersionGroup section */
	};
	rootObject = 6ECF6A1F1BAB0A900075317A /* Project object */;
}
